
Microsoft Visual Studio Solution File, Format Version 12.00
# Visual Studio Version 16
VisualStudioVersion = 16.0.28729.10
MinimumVisualStudioVersion = 10.0.40219.1
Project("{FAE04EC0-301F-11D3-BF4B-00C04F79EFBC}") = "CaesarCipherWindowsForm", "CaesarCipherWindowsForm.csproj", "{653E95D7-C65F-4D0A-A0AE-C0E8E4F1A88C}"
EndProject
Global
	GlobalSection(SolutionConfigurationPlatforms) = preSolution
		Debug|Any CPU = Debug|Any CPU
		Release|Any CPU = Release|Any CPU
	EndGlobalSection
	GlobalSection(ProjectConfigurationPlatforms) = postSolution
		{653E95D7-C65F-4D0A-A0AE-C0E8E4F1A88C}.Debug|Any CPU.ActiveCfg = Debug|Any CPU
		{653E95D7-C65F-4D0A-A0AE-C0E8E4F1A88C}.Debug|Any CPU.Build.0 = Debug|Any CPU
		{653E95D7-C65F-4D0A-A0AE-C0E8E4F1A88C}.Release|Any CPU.ActiveCfg = Release|Any CPU
		{653E95D7-C65F-4D0A-A0AE-C0E8E4F1A88C}.Release|Any CPU.Build.0 = Release|Any CPU
	EndGlobalSection
	GlobalSection(SolutionProperties) = preSolution
		HideSolutionNode = FALSE
	EndGlobalSection
	GlobalSection(ExtensibilityGlobals) = postSolution
		SolutionGuid = {B2A43496-4266-4E0A-A9BD-9D94AE9E48CC}
	EndGlobalSection
EndGlobal
